
Microsoft Visual Studio Solution File, Format Version 12.00
# Visual Studio Version 17
VisualStudioVersion = 17.4.33110.190
MinimumVisualStudioVersion = 10.0.40219.1
Project("{9A19103F-16F7-4668-BE54-9A1E7A4F7556}") = "UVMApi", "UVMApi\UVMApi.csproj", "{E8239480-AD28-4405-8491-FEDB36269751}"
EndProject
Project("{FAE04EC0-301F-11D3-BF4B-00C04F79EFBC}") = "Datos", "Datos\Datos.csproj", "{C639EFCA-6AC9-465B-A320-26B45100A2CC}"
EndProject
Project("{FAE04EC0-301F-11D3-BF4B-00C04F79EFBC}") = "Negocio", "Negocio\Negocio.csproj", "{21143336-CB41-41A7-BE64-82D62F689308}"
EndProject
Global
	GlobalSection(SolutionConfigurationPlatforms) = preSolution
		Debug|Any CPU = Debug|Any CPU
		Release|Any CPU = Release|Any CPU
	EndGlobalSection
	GlobalSection(ProjectConfigurationPlatforms) = postSolution
		{E8239480-AD28-4405-8491-FEDB36269751}.Debug|Any CPU.ActiveCfg = Debug|Any CPU
		{E8239480-AD28-4405-8491-FEDB36269751}.Debug|Any CPU.Build.0 = Debug|Any CPU
		{E8239480-AD28-4405-8491-FEDB36269751}.Release|Any CPU.ActiveCfg = Release|Any CPU
		{E8239480-AD28-4405-8491-FEDB36269751}.Release|Any CPU.Build.0 = Release|Any CPU
		{C639EFCA-6AC9-465B-A320-26B45100A2CC}.Debug|Any CPU.ActiveCfg = Debug|Any CPU
		{C639EFCA-6AC9-465B-A320-26B45100A2CC}.Debug|Any CPU.Build.0 = Debug|Any CPU
		{C639EFCA-6AC9-465B-A320-26B45100A2CC}.Release|Any CPU.ActiveCfg = Release|Any CPU
		{C639EFCA-6AC9-465B-A320-26B45100A2CC}.Release|Any CPU.Build.0 = Release|Any CPU
		{21143336-CB41-41A7-BE64-82D62F689308}.Debug|Any CPU.ActiveCfg = Debug|Any CPU
		{21143336-CB41-41A7-BE64-82D62F689308}.Debug|Any CPU.Build.0 = Debug|Any CPU
		{21143336-CB41-41A7-BE64-82D62F689308}.Release|Any CPU.ActiveCfg = Release|Any CPU
		{21143336-CB41-41A7-BE64-82D62F689308}.Release|Any CPU.Build.0 = Release|Any CPU
	EndGlobalSection
	GlobalSection(SolutionProperties) = preSolution
		HideSolutionNode = FALSE
	EndGlobalSection
	GlobalSection(ExtensibilityGlobals) = postSolution
		SolutionGuid = {3C542E8B-6404-4305-9745-6F5478DAA5B4}
	EndGlobalSection
EndGlobal
